
Microsoft Visual Studio Solution File, Format Version 12.00
# Visual Studio Version 17
VisualStudioVersion = 17.14.36401.2
MinimumVisualStudioVersion = 10.0.40219.1
Project("{2150E333-8FDC-42A3-9474-1A3956D46DE8}") = "Contracts", "Contracts", "{A73F2606-6D4C-3EEE-1759-0E59DCFEF523}"
EndProject
Project("{FAE04EC0-301F-11D3-BF4B-00C04F79EFBC}") = "PA.Contracts.Abstractions", "src\PA.Contracts.Abstractions\PA.Contracts.Abstractions.csproj", "{647112D8-4949-4D1D-A493-C938F5779643}"
EndProject
Project("{FAE04EC0-301F-11D3-BF4B-00C04F79EFBC}") = "PA.Contracts.Models", "src\PA.Contracts.Models\PA.Contracts.Models.csproj", "{8F3FEA0D-6D6E-4666-9B54-3F46DC24C0A6}"
EndProject
Project("{FAE04EC0-301F-11D3-BF4B-00C04F79EFBC}") = "PA.Contracts.Grpc", "src\PA.Contracts.Grpc\PA.Contracts.Grpc.csproj", "{12C92E55-7952-49CC-9EF8-65FA5CF5B237}"
EndProject
Project("{2150E333-8FDC-42A3-9474-1A3956D46DE8}") = "Platform", "Platform", "{E54149B9-7F22-367F-9CC5-FD829E3AA07B}"
EndProject
Project("{FAE04EC0-301F-11D3-BF4B-00C04F79EFBC}") = "PA.Platform.Common", "src\PA.Platform.Common\PA.Platform.Common.csproj", "{5D4A8A17-B1B9-4B0D-A825-E84FB8BCDC28}"
EndProject
Project("{FAE04EC0-301F-11D3-BF4B-00C04F79EFBC}") = "PA.Platform.Data", "src\PA.Platform.Data\PA.Platform.Data.csproj", "{A5E1866D-80E3-4AA2-BFD9-DDA464E73AF3}"
EndProject
Project("{FAE04EC0-301F-11D3-BF4B-00C04F79EFBC}") = "PA.Platform.Messaging", "src\PA.Platform.Messaging\PA.Platform.Messaging.csproj", "{60EDF410-425C-4D74-8FEE-EF75139A1DD4}"
EndProject
Project("{FAE04EC0-301F-11D3-BF4B-00C04F79EFBC}") = "PA.Barcode", "src\PA.Barcode\PA.Barcode.csproj", "{67E30FF0-67A4-4B84-AD0E-E10741665F2A}"
EndProject
Project("{2150E333-8FDC-42A3-9474-1A3956D46DE8}") = "Services", "Services", "{5854FF58-B8C5-05C6-5BF2-ACE42193F22B}"
EndProject
Project("{2150E333-8FDC-42A3-9474-1A3956D46DE8}") = "Catalog", "Catalog", "{944ACC7E-4FFC-A2A2-09E1-98A62C66F8DB}"
EndProject
Project("{FAE04EC0-301F-11D3-BF4B-00C04F79EFBC}") = "PA.Catalog.Domain", "src\Services\Catalog\PA.Catalog.Domain\PA.Catalog.Domain.csproj", "{796F4C6F-5BD4-4BB3-B88F-DB19E488A275}"
EndProject
Project("{FAE04EC0-301F-11D3-BF4B-00C04F79EFBC}") = "PA.Catalog.Data", "src\Services\Catalog\PA.Catalog.Data\PA.Catalog.Data.csproj", "{3B21156E-CD62-46AD-8FE0-3EEBA610A507}"
EndProject
Project("{FAE04EC0-301F-11D3-BF4B-00C04F79EFBC}") = "PA.Catalog.Api", "src\Services\Catalog\PA.Catalog.Api\PA.Catalog.Api.csproj", "{3319F923-3E87-47E9-8410-07213AB9909D}"
EndProject
Project("{FAE04EC0-301F-11D3-BF4B-00C04F79EFBC}") = "PA.Catalog.Tests", "src\Services\Catalog\PA.Catalog.Tests\PA.Catalog.Tests.csproj", "{0BBB2EB4-AE5C-4896-8F68-46E920B4F479}"
EndProject
Project("{2150E333-8FDC-42A3-9474-1A3956D46DE8}") = "Inventory", "Inventory", "{E968773F-A3F0-8B5A-CFB8-BE121AA8E63F}"
EndProject
Project("{FAE04EC0-301F-11D3-BF4B-00C04F79EFBC}") = "PA.Inventory.Domain", "src\Services\Inventory\PA.Inventory.Domain\PA.Inventory.Domain.csproj", "{2884CAD4-4AE0-432A-A1DB-7C498DA98D55}"
EndProject
Project("{FAE04EC0-301F-11D3-BF4B-00C04F79EFBC}") = "PA.Inventory.Data", "src\Services\Inventory\PA.Inventory.Data\PA.Inventory.Data.csproj", "{77B404C5-90A6-46B2-8219-D4503C416931}"
EndProject
Project("{FAE04EC0-301F-11D3-BF4B-00C04F79EFBC}") = "PA.Inventory.Api", "src\Services\Inventory\PA.Inventory.Api\PA.Inventory.Api.csproj", "{4FDE3435-15FC-47F5-8276-0CC7852F2E87}"
EndProject
Project("{FAE04EC0-301F-11D3-BF4B-00C04F79EFBC}") = "PA.Inventory.Tests", "src\Services\Inventory\PA.Inventory.Tests\PA.Inventory.Tests.csproj", "{7C611BF8-E7FA-42C0-84FB-5E2F6519420F}"
EndProject
Project("{2150E333-8FDC-42A3-9474-1A3956D46DE8}") = "Manufacturing", "Manufacturing", "{F90C4F13-A081-F5E7-D399-B975E24935A1}"
EndProject
Project("{FAE04EC0-301F-11D3-BF4B-00C04F79EFBC}") = "PA.Manufacturing.Domain", "src\Services\Manufacturing\PA.Manufacturing.Domain\PA.Manufacturing.Domain.csproj", "{71C5AAAB-70B9-445F-A362-819A5387DE23}"
EndProject
Project("{FAE04EC0-301F-11D3-BF4B-00C04F79EFBC}") = "PA.Manufacturing.Data", "src\Services\Manufacturing\PA.Manufacturing.Data\PA.Manufacturing.Data.csproj", "{0F8EB719-198E-4FA8-B885-127369EA8E14}"
EndProject
Project("{FAE04EC0-301F-11D3-BF4B-00C04F79EFBC}") = "PA.Manufacturing.Api", "src\Services\Manufacturing\PA.Manufacturing.Api\PA.Manufacturing.Api.csproj", "{5CBA2BDC-9E4C-4E65-B94A-5FFE1CDF4F52}"
EndProject
Project("{FAE04EC0-301F-11D3-BF4B-00C04F79EFBC}") = "PA.Manufacturing.Tests", "src\Services\Manufacturing\PA.Manufacturing.Tests\PA.Manufacturing.Tests.csproj", "{3875E70C-2EFE-4B29-8401-A1F2780E78EB}"
EndProject
Project("{2150E333-8FDC-42A3-9474-1A3956D46DE8}") = "Orders", "Orders", "{1C00F9DA-F33C-8627-D347-15FF6E4360B7}"
EndProject
Project("{FAE04EC0-301F-11D3-BF4B-00C04F79EFBC}") = "PA.Orders.Domain", "src\Services\Orders\PA.Orders.Domain\PA.Orders.Domain.csproj", "{9D8ECE7A-5213-4638-91C9-2A97FA06D943}"
EndProject
Project("{FAE04EC0-301F-11D3-BF4B-00C04F79EFBC}") = "PA.Orders.Data", "src\Services\Orders\PA.Orders.Data\PA.Orders.Data.csproj", "{EAEA8463-977C-4875-A40D-131131F23059}"
EndProject
Project("{FAE04EC0-301F-11D3-BF4B-00C04F79EFBC}") = "PA.Orders.Api", "src\Services\Orders\PA.Orders.Api\PA.Orders.Api.csproj", "{897BAD0F-2ABC-4044-AFDF-D3C9F796633C}"
EndProject
Project("{FAE04EC0-301F-11D3-BF4B-00C04F79EFBC}") = "PA.Orders.Tests", "src\Services\Orders\PA.Orders.Tests\PA.Orders.Tests.csproj", "{9552CE92-0FF5-4EB9-A470-F53D33256A48}"
EndProject
Project("{2150E333-8FDC-42A3-9474-1A3956D46DE8}") = "Payments", "Payments", "{D8AFF377-A933-C61A-6A84-6680BF48FD58}"
EndProject
Project("{FAE04EC0-301F-11D3-BF4B-00C04F79EFBC}") = "PA.Payments.Domain", "src\Services\Payments\PA.Payments.Domain\PA.Payments.Domain.csproj", "{6C80AD1B-0E92-4BA7-A7E1-1181886A198B}"
EndProject
Project("{FAE04EC0-301F-11D3-BF4B-00C04F79EFBC}") = "PA.Payments.Data", "src\Services\Payments\PA.Payments.Data\PA.Payments.Data.csproj", "{FA91ADEB-7FE3-492F-8A76-0972D7E86162}"
EndProject
Project("{FAE04EC0-301F-11D3-BF4B-00C04F79EFBC}") = "PA.Payments.Api", "src\Services\Payments\PA.Payments.Api\PA.Payments.Api.csproj", "{AA21A373-BF66-4F3B-9C39-0A00FADAE110}"
EndProject
Project("{FAE04EC0-301F-11D3-BF4B-00C04F79EFBC}") = "PA.Payments.Tests", "src\Services\Payments\PA.Payments.Tests\PA.Payments.Tests.csproj", "{F2DA4961-8221-4770-B5AF-5F0E32EBBD38}"
EndProject
Project("{2150E333-8FDC-42A3-9474-1A3956D46DE8}") = "Shipping", "Shipping", "{D7EB2FDD-718E-90C9-A432-34257B0A40FA}"
EndProject
Project("{FAE04EC0-301F-11D3-BF4B-00C04F79EFBC}") = "PA.Shipping.Domain", "src\Services\Shipping\PA.Shipping.Domain\PA.Shipping.Domain.csproj", "{F2C963E1-3D6C-469A-A8DF-D2ACB07A5A31}"
EndProject
Project("{FAE04EC0-301F-11D3-BF4B-00C04F79EFBC}") = "PA.Shipping.Data", "src\Services\Shipping\PA.Shipping.Data\PA.Shipping.Data.csproj", "{5EF60351-B222-484B-9596-915ABBBAE683}"
EndProject
Project("{FAE04EC0-301F-11D3-BF4B-00C04F79EFBC}") = "PA.Shipping.Api", "src\Services\Shipping\PA.Shipping.Api\PA.Shipping.Api.csproj", "{B0DA29B8-C2B2-48C1-9E36-82F3F7C140E5}"
EndProject
Project("{FAE04EC0-301F-11D3-BF4B-00C04F79EFBC}") = "PA.Shipping.Tests", "src\Services\Shipping\PA.Shipping.Tests\PA.Shipping.Tests.csproj", "{8BCC34C2-CB57-448C-9D88-BB5C4FBD199F}"
EndProject
Project("{2150E333-8FDC-42A3-9474-1A3956D46DE8}") = "Customers", "Customers", "{B69894D6-7DED-05EA-F04B-C08EDF8265D6}"
EndProject
Project("{FAE04EC0-301F-11D3-BF4B-00C04F79EFBC}") = "PA.Customers.Domain", "src\Services\Customers\PA.Customers.Domain\PA.Customers.Domain.csproj", "{11E6B805-FDD0-4A40-8FF4-9354D1FCC836}"
EndProject
Project("{FAE04EC0-301F-11D3-BF4B-00C04F79EFBC}") = "PA.Customers.Data", "src\Services\Customers\PA.Customers.Data\PA.Customers.Data.csproj", "{A84E6CDA-5149-4E3E-A779-8211D33512B6}"
EndProject
Project("{FAE04EC0-301F-11D3-BF4B-00C04F79EFBC}") = "PA.Customers.Api", "src\Services\Customers\PA.Customers.Api\PA.Customers.Api.csproj", "{85225775-7629-4681-9199-5DCF01D8C16C}"
EndProject
Project("{FAE04EC0-301F-11D3-BF4B-00C04F79EFBC}") = "PA.Customers.Tests", "src\Services\Customers\PA.Customers.Tests\PA.Customers.Tests.csproj", "{6A8C40CC-C92B-4E31-93BB-BB7734438537}"
EndProject
Project("{2150E333-8FDC-42A3-9474-1A3956D46DE8}") = "Gateway", "Gateway", "{96888889-FC81-1FD9-7DA3-65FF32B7E052}"
EndProject
Project("{FAE04EC0-301F-11D3-BF4B-00C04F79EFBC}") = "PA.Gateway.Api", "src\Services\Gateway\PA.Gateway.Api\PA.Gateway.Api.csproj", "{1D9F651D-6E18-4119-BB4E-5ABF14E21B29}"
EndProject
Project("{2150E333-8FDC-42A3-9474-1A3956D46DE8}") = "Tests", "Tests", "{0AB3BF05-4346-4AA6-1389-037BE0695223}"
EndProject
Project("{FAE04EC0-301F-11D3-BF4B-00C04F79EFBC}") = "PA.EndToEnd.Tests", "tests\PA.EndToEnd.Tests\PA.EndToEnd.Tests.csproj", "{C865917B-D060-4D3E-8F17-8CD5E20914D5}"
EndProject
Project("{2150E333-8FDC-42A3-9474-1A3956D46DE8}") = "Infrastructure", "Infrastructure", "{02EA681E-C7D8-13C7-8484-4AC65E1B71E8}"
	ProjectSection(SolutionItems) = preProject
		docker-compose.local.yml = docker-compose.local.yml
		docker-compose.services.yml = docker-compose.services.yml
	EndProjectSection
EndProject
Project("{FAE04EC0-301F-11D3-BF4B-00C04F79EFBC}") = "PA.Inventory.Worker", "src\Services\Inventory\PA.Inventory.Worker\PA.Inventory.Worker.csproj", "{7FBD9E4C-D124-4D99-AF56-5523987B2933}"
EndProject
Global
	GlobalSection(SolutionConfigurationPlatforms) = preSolution
		Debug|Any CPU = Debug|Any CPU
		Debug|x64 = Debug|x64
		Debug|x86 = Debug|x86
		Release|Any CPU = Release|Any CPU
		Release|x64 = Release|x64
		Release|x86 = Release|x86
	EndGlobalSection
	GlobalSection(ProjectConfigurationPlatforms) = postSolution
		{647112D8-4949-4D1D-A493-C938F5779643}.Debug|Any CPU.ActiveCfg = Debug|Any CPU
		{647112D8-4949-4D1D-A493-C938F5779643}.Debug|x64.ActiveCfg = Debug|Any CPU
		{647112D8-4949-4D1D-A493-C938F5779643}.Debug|x64.Build.0 = Debug|Any CPU
		{647112D8-4949-4D1D-A493-C938F5779643}.Debug|x86.ActiveCfg = Debug|Any CPU
		{647112D8-4949-4D1D-A493-C938F5779643}.Debug|x86.Build.0 = Debug|Any CPU
		{647112D8-4949-4D1D-A493-C938F5779643}.Release|Any CPU.ActiveCfg = Release|Any CPU
		{647112D8-4949-4D1D-A493-C938F5779643}.Release|Any CPU.Build.0 = Release|Any CPU
		{647112D8-4949-4D1D-A493-C938F5779643}.Release|x64.ActiveCfg = Release|Any CPU
		{647112D8-4949-4D1D-A493-C938F5779643}.Release|x64.Build.0 = Release|Any CPU
		{647112D8-4949-4D1D-A493-C938F5779643}.Release|x86.ActiveCfg = Release|Any CPU
		{647112D8-4949-4D1D-A493-C938F5779643}.Release|x86.Build.0 = Release|Any CPU
		{8F3FEA0D-6D6E-4666-9B54-3F46DC24C0A6}.Debug|Any CPU.ActiveCfg = Debug|Any CPU
		{8F3FEA0D-6D6E-4666-9B54-3F46DC24C0A6}.Debug|x64.ActiveCfg = Debug|Any CPU
		{8F3FEA0D-6D6E-4666-9B54-3F46DC24C0A6}.Debug|x64.Build.0 = Debug|Any CPU
		{8F3FEA0D-6D6E-4666-9B54-3F46DC24C0A6}.Debug|x86.ActiveCfg = Debug|Any CPU
		{8F3FEA0D-6D6E-4666-9B54-3F46DC24C0A6}.Debug|x86.Build.0 = Debug|Any CPU
		{8F3FEA0D-6D6E-4666-9B54-3F46DC24C0A6}.Release|Any CPU.ActiveCfg = Release|Any CPU
		{8F3FEA0D-6D6E-4666-9B54-3F46DC24C0A6}.Release|Any CPU.Build.0 = Release|Any CPU
		{8F3FEA0D-6D6E-4666-9B54-3F46DC24C0A6}.Release|x64.ActiveCfg = Release|Any CPU
		{8F3FEA0D-6D6E-4666-9B54-3F46DC24C0A6}.Release|x64.Build.0 = Release|Any CPU
		{8F3FEA0D-6D6E-4666-9B54-3F46DC24C0A6}.Release|x86.ActiveCfg = Release|Any CPU
		{8F3FEA0D-6D6E-4666-9B54-3F46DC24C0A6}.Release|x86.Build.0 = Release|Any CPU
		{12C92E55-7952-49CC-9EF8-65FA5CF5B237}.Debug|Any CPU.ActiveCfg = Debug|Any CPU
		{12C92E55-7952-49CC-9EF8-65FA5CF5B237}.Debug|Any CPU.Build.0 = Debug|Any CPU
		{12C92E55-7952-49CC-9EF8-65FA5CF5B237}.Debug|x64.ActiveCfg = Debug|Any CPU
		{12C92E55-7952-49CC-9EF8-65FA5CF5B237}.Debug|x64.Build.0 = Debug|Any CPU
		{12C92E55-7952-49CC-9EF8-65FA5CF5B237}.Debug|x86.ActiveCfg = Debug|Any CPU
		{12C92E55-7952-49CC-9EF8-65FA5CF5B237}.Debug|x86.Build.0 = Debug|Any CPU
		{12C92E55-7952-49CC-9EF8-65FA5CF5B237}.Release|Any CPU.ActiveCfg = Release|Any CPU
		{12C92E55-7952-49CC-9EF8-65FA5CF5B237}.Release|Any CPU.Build.0 = Release|Any CPU
		{12C92E55-7952-49CC-9EF8-65FA5CF5B237}.Release|x64.ActiveCfg = Release|Any CPU
		{12C92E55-7952-49CC-9EF8-65FA5CF5B237}.Release|x64.Build.0 = Release|Any CPU
		{12C92E55-7952-49CC-9EF8-65FA5CF5B237}.Release|x86.ActiveCfg = Release|Any CPU
		{12C92E55-7952-49CC-9EF8-65FA5CF5B237}.Release|x86.Build.0 = Release|Any CPU
		{5D4A8A17-B1B9-4B0D-A825-E84FB8BCDC28}.Debug|Any CPU.ActiveCfg = Debug|Any CPU
		{5D4A8A17-B1B9-4B0D-A825-E84FB8BCDC28}.Debug|x64.ActiveCfg = Debug|Any CPU
		{5D4A8A17-B1B9-4B0D-A825-E84FB8BCDC28}.Debug|x64.Build.0 = Debug|Any CPU
		{5D4A8A17-B1B9-4B0D-A825-E84FB8BCDC28}.Debug|x86.ActiveCfg = Debug|Any CPU
		{5D4A8A17-B1B9-4B0D-A825-E84FB8BCDC28}.Debug|x86.Build.0 = Debug|Any CPU
		{5D4A8A17-B1B9-4B0D-A825-E84FB8BCDC28}.Release|Any CPU.ActiveCfg = Release|Any CPU
		{5D4A8A17-B1B9-4B0D-A825-E84FB8BCDC28}.Release|Any CPU.Build.0 = Release|Any CPU
		{5D4A8A17-B1B9-4B0D-A825-E84FB8BCDC28}.Release|x64.ActiveCfg = Release|Any CPU
		{5D4A8A17-B1B9-4B0D-A825-E84FB8BCDC28}.Release|x64.Build.0 = Release|Any CPU
		{5D4A8A17-B1B9-4B0D-A825-E84FB8BCDC28}.Release|x86.ActiveCfg = Release|Any CPU
		{5D4A8A17-B1B9-4B0D-A825-E84FB8BCDC28}.Release|x86.Build.0 = Release|Any CPU
		{A5E1866D-80E3-4AA2-BFD9-DDA464E73AF3}.Debug|Any CPU.ActiveCfg = Debug|Any CPU
		{A5E1866D-80E3-4AA2-BFD9-DDA464E73AF3}.Debug|x64.ActiveCfg = Debug|Any CPU
		{A5E1866D-80E3-4AA2-BFD9-DDA464E73AF3}.Debug|x64.Build.0 = Debug|Any CPU
		{A5E1866D-80E3-4AA2-BFD9-DDA464E73AF3}.Debug|x86.ActiveCfg = Debug|Any CPU
		{A5E1866D-80E3-4AA2-BFD9-DDA464E73AF3}.Debug|x86.Build.0 = Debug|Any CPU
		{A5E1866D-80E3-4AA2-BFD9-DDA464E73AF3}.Release|Any CPU.ActiveCfg = Release|Any CPU
		{A5E1866D-80E3-4AA2-BFD9-DDA464E73AF3}.Release|Any CPU.Build.0 = Release|Any CPU
		{A5E1866D-80E3-4AA2-BFD9-DDA464E73AF3}.Release|x64.ActiveCfg = Release|Any CPU
		{A5E1866D-80E3-4AA2-BFD9-DDA464E73AF3}.Release|x64.Build.0 = Release|Any CPU
		{A5E1866D-80E3-4AA2-BFD9-DDA464E73AF3}.Release|x86.ActiveCfg = Release|Any CPU
		{A5E1866D-80E3-4AA2-BFD9-DDA464E73AF3}.Release|x86.Build.0 = Release|Any CPU
		{60EDF410-425C-4D74-8FEE-EF75139A1DD4}.Debug|Any CPU.ActiveCfg = Debug|Any CPU
		{60EDF410-425C-4D74-8FEE-EF75139A1DD4}.Debug|x64.ActiveCfg = Debug|Any CPU
		{60EDF410-425C-4D74-8FEE-EF75139A1DD4}.Debug|x64.Build.0 = Debug|Any CPU
		{60EDF410-425C-4D74-8FEE-EF75139A1DD4}.Debug|x86.ActiveCfg = Debug|Any CPU
		{60EDF410-425C-4D74-8FEE-EF75139A1DD4}.Debug|x86.Build.0 = Debug|Any CPU
		{60EDF410-425C-4D74-8FEE-EF75139A1DD4}.Release|Any CPU.ActiveCfg = Release|Any CPU
		{60EDF410-425C-4D74-8FEE-EF75139A1DD4}.Release|Any CPU.Build.0 = Release|Any CPU
		{60EDF410-425C-4D74-8FEE-EF75139A1DD4}.Release|x64.ActiveCfg = Release|Any CPU
		{60EDF410-425C-4D74-8FEE-EF75139A1DD4}.Release|x64.Build.0 = Release|Any CPU
		{60EDF410-425C-4D74-8FEE-EF75139A1DD4}.Release|x86.ActiveCfg = Release|Any CPU
		{60EDF410-425C-4D74-8FEE-EF75139A1DD4}.Release|x86.Build.0 = Release|Any CPU
		{67E30FF0-67A4-4B84-AD0E-E10741665F2A}.Debug|Any CPU.ActiveCfg = Debug|Any CPU
		{67E30FF0-67A4-4B84-AD0E-E10741665F2A}.Debug|x64.ActiveCfg = Debug|Any CPU
		{67E30FF0-67A4-4B84-AD0E-E10741665F2A}.Debug|x64.Build.0 = Debug|Any CPU
		{67E30FF0-67A4-4B84-AD0E-E10741665F2A}.Debug|x86.ActiveCfg = Debug|Any CPU
		{67E30FF0-67A4-4B84-AD0E-E10741665F2A}.Debug|x86.Build.0 = Debug|Any CPU
		{67E30FF0-67A4-4B84-AD0E-E10741665F2A}.Release|Any CPU.ActiveCfg = Release|Any CPU
		{67E30FF0-67A4-4B84-AD0E-E10741665F2A}.Release|Any CPU.Build.0 = Release|Any CPU
		{67E30FF0-67A4-4B84-AD0E-E10741665F2A}.Release|x64.ActiveCfg = Release|Any CPU
		{67E30FF0-67A4-4B84-AD0E-E10741665F2A}.Release|x64.Build.0 = Release|Any CPU
		{67E30FF0-67A4-4B84-AD0E-E10741665F2A}.Release|x86.ActiveCfg = Release|Any CPU
		{67E30FF0-67A4-4B84-AD0E-E10741665F2A}.Release|x86.Build.0 = Release|Any CPU
		{796F4C6F-5BD4-4BB3-B88F-DB19E488A275}.Debug|Any CPU.ActiveCfg = Debug|Any CPU
		{796F4C6F-5BD4-4BB3-B88F-DB19E488A275}.Debug|Any CPU.Build.0 = Debug|Any CPU
		{796F4C6F-5BD4-4BB3-B88F-DB19E488A275}.Debug|x64.ActiveCfg = Debug|Any CPU
		{796F4C6F-5BD4-4BB3-B88F-DB19E488A275}.Debug|x64.Build.0 = Debug|Any CPU
		{796F4C6F-5BD4-4BB3-B88F-DB19E488A275}.Debug|x86.ActiveCfg = Debug|Any CPU
		{796F4C6F-5BD4-4BB3-B88F-DB19E488A275}.Debug|x86.Build.0 = Debug|Any CPU
		{796F4C6F-5BD4-4BB3-B88F-DB19E488A275}.Release|Any CPU.ActiveCfg = Release|Any CPU
		{796F4C6F-5BD4-4BB3-B88F-DB19E488A275}.Release|Any CPU.Build.0 = Release|Any CPU
		{796F4C6F-5BD4-4BB3-B88F-DB19E488A275}.Release|x64.ActiveCfg = Release|Any CPU
		{796F4C6F-5BD4-4BB3-B88F-DB19E488A275}.Release|x64.Build.0 = Release|Any CPU
		{796F4C6F-5BD4-4BB3-B88F-DB19E488A275}.Release|x86.ActiveCfg = Release|Any CPU
		{796F4C6F-5BD4-4BB3-B88F-DB19E488A275}.Release|x86.Build.0 = Release|Any CPU
		{3B21156E-CD62-46AD-8FE0-3EEBA610A507}.Debug|Any CPU.ActiveCfg = Debug|Any CPU
		{3B21156E-CD62-46AD-8FE0-3EEBA610A507}.Debug|Any CPU.Build.0 = Debug|Any CPU
		{3B21156E-CD62-46AD-8FE0-3EEBA610A507}.Debug|x64.ActiveCfg = Debug|Any CPU
		{3B21156E-CD62-46AD-8FE0-3EEBA610A507}.Debug|x64.Build.0 = Debug|Any CPU
		{3B21156E-CD62-46AD-8FE0-3EEBA610A507}.Debug|x86.ActiveCfg = Debug|Any CPU
		{3B21156E-CD62-46AD-8FE0-3EEBA610A507}.Debug|x86.Build.0 = Debug|Any CPU
		{3B21156E-CD62-46AD-8FE0-3EEBA610A507}.Release|Any CPU.ActiveCfg = Release|Any CPU
		{3B21156E-CD62-46AD-8FE0-3EEBA610A507}.Release|Any CPU.Build.0 = Release|Any CPU
		{3B21156E-CD62-46AD-8FE0-3EEBA610A507}.Release|x64.ActiveCfg = Release|Any CPU
		{3B21156E-CD62-46AD-8FE0-3EEBA610A507}.Release|x64.Build.0 = Release|Any CPU
		{3B21156E-CD62-46AD-8FE0-3EEBA610A507}.Release|x86.ActiveCfg = Release|Any CPU
		{3B21156E-CD62-46AD-8FE0-3EEBA610A507}.Release|x86.Build.0 = Release|Any CPU
		{3319F923-3E87-47E9-8410-07213AB9909D}.Debug|Any CPU.ActiveCfg = Debug|Any CPU
		{3319F923-3E87-47E9-8410-07213AB9909D}.Debug|Any CPU.Build.0 = Debug|Any CPU
		{3319F923-3E87-47E9-8410-07213AB9909D}.Debug|x64.ActiveCfg = Debug|Any CPU
		{3319F923-3E87-47E9-8410-07213AB9909D}.Debug|x64.Build.0 = Debug|Any CPU
		{3319F923-3E87-47E9-8410-07213AB9909D}.Debug|x86.ActiveCfg = Debug|Any CPU
		{3319F923-3E87-47E9-8410-07213AB9909D}.Debug|x86.Build.0 = Debug|Any CPU
		{3319F923-3E87-47E9-8410-07213AB9909D}.Release|Any CPU.ActiveCfg = Release|Any CPU
		{3319F923-3E87-47E9-8410-07213AB9909D}.Release|Any CPU.Build.0 = Release|Any CPU
		{3319F923-3E87-47E9-8410-07213AB9909D}.Release|x64.ActiveCfg = Release|Any CPU
		{3319F923-3E87-47E9-8410-07213AB9909D}.Release|x64.Build.0 = Release|Any CPU
		{3319F923-3E87-47E9-8410-07213AB9909D}.Release|x86.ActiveCfg = Release|Any CPU
		{3319F923-3E87-47E9-8410-07213AB9909D}.Release|x86.Build.0 = Release|Any CPU
		{0BBB2EB4-AE5C-4896-8F68-46E920B4F479}.Debug|Any CPU.ActiveCfg = Debug|Any CPU
		{0BBB2EB4-AE5C-4896-8F68-46E920B4F479}.Debug|x64.ActiveCfg = Debug|Any CPU
		{0BBB2EB4-AE5C-4896-8F68-46E920B4F479}.Debug|x64.Build.0 = Debug|Any CPU
		{0BBB2EB4-AE5C-4896-8F68-46E920B4F479}.Debug|x86.ActiveCfg = Debug|Any CPU
		{0BBB2EB4-AE5C-4896-8F68-46E920B4F479}.Debug|x86.Build.0 = Debug|Any CPU
		{0BBB2EB4-AE5C-4896-8F68-46E920B4F479}.Release|Any CPU.ActiveCfg = Release|Any CPU
		{0BBB2EB4-AE5C-4896-8F68-46E920B4F479}.Release|Any CPU.Build.0 = Release|Any CPU
		{0BBB2EB4-AE5C-4896-8F68-46E920B4F479}.Release|x64.ActiveCfg = Release|Any CPU
		{0BBB2EB4-AE5C-4896-8F68-46E920B4F479}.Release|x64.Build.0 = Release|Any CPU
		{0BBB2EB4-AE5C-4896-8F68-46E920B4F479}.Release|x86.ActiveCfg = Release|Any CPU
		{0BBB2EB4-AE5C-4896-8F68-46E920B4F479}.Release|x86.Build.0 = Release|Any CPU
		{2884CAD4-4AE0-432A-A1DB-7C498DA98D55}.Debug|Any CPU.ActiveCfg = Debug|Any CPU
		{2884CAD4-4AE0-432A-A1DB-7C498DA98D55}.Debug|Any CPU.Build.0 = Debug|Any CPU
		{2884CAD4-4AE0-432A-A1DB-7C498DA98D55}.Debug|x64.ActiveCfg = Debug|Any CPU
		{2884CAD4-4AE0-432A-A1DB-7C498DA98D55}.Debug|x64.Build.0 = Debug|Any CPU
		{2884CAD4-4AE0-432A-A1DB-7C498DA98D55}.Debug|x86.ActiveCfg = Debug|Any CPU
		{2884CAD4-4AE0-432A-A1DB-7C498DA98D55}.Debug|x86.Build.0 = Debug|Any CPU
		{2884CAD4-4AE0-432A-A1DB-7C498DA98D55}.Release|Any CPU.ActiveCfg = Release|Any CPU
		{2884CAD4-4AE0-432A-A1DB-7C498DA98D55}.Release|Any CPU.Build.0 = Release|Any CPU
		{2884CAD4-4AE0-432A-A1DB-7C498DA98D55}.Release|x64.ActiveCfg = Release|Any CPU
		{2884CAD4-4AE0-432A-A1DB-7C498DA98D55}.Release|x64.Build.0 = Release|Any CPU
		{2884CAD4-4AE0-432A-A1DB-7C498DA98D55}.Release|x86.ActiveCfg = Release|Any CPU
		{2884CAD4-4AE0-432A-A1DB-7C498DA98D55}.Release|x86.Build.0 = Release|Any CPU
		{77B404C5-90A6-46B2-8219-D4503C416931}.Debug|Any CPU.ActiveCfg = Debug|Any CPU
		{77B404C5-90A6-46B2-8219-D4503C416931}.Debug|Any CPU.Build.0 = Debug|Any CPU
		{77B404C5-90A6-46B2-8219-D4503C416931}.Debug|x64.ActiveCfg = Debug|Any CPU
		{77B404C5-90A6-46B2-8219-D4503C416931}.Debug|x64.Build.0 = Debug|Any CPU
		{77B404C5-90A6-46B2-8219-D4503C416931}.Debug|x86.ActiveCfg = Debug|Any CPU
		{77B404C5-90A6-46B2-8219-D4503C416931}.Debug|x86.Build.0 = Debug|Any CPU
		{77B404C5-90A6-46B2-8219-D4503C416931}.Release|Any CPU.ActiveCfg = Release|Any CPU
		{77B404C5-90A6-46B2-8219-D4503C416931}.Release|Any CPU.Build.0 = Release|Any CPU
		{77B404C5-90A6-46B2-8219-D4503C416931}.Release|x64.ActiveCfg = Release|Any CPU
		{77B404C5-90A6-46B2-8219-D4503C416931}.Release|x64.Build.0 = Release|Any CPU
		{77B404C5-90A6-46B2-8219-D4503C416931}.Release|x86.ActiveCfg = Release|Any CPU
		{77B404C5-90A6-46B2-8219-D4503C416931}.Release|x86.Build.0 = Release|Any CPU
		{4FDE3435-15FC-47F5-8276-0CC7852F2E87}.Debug|Any CPU.ActiveCfg = Debug|Any CPU
		{4FDE3435-15FC-47F5-8276-0CC7852F2E87}.Debug|Any CPU.Build.0 = Debug|Any CPU
		{4FDE3435-15FC-47F5-8276-0CC7852F2E87}.Debug|x64.ActiveCfg = Debug|Any CPU
		{4FDE3435-15FC-47F5-8276-0CC7852F2E87}.Debug|x64.Build.0 = Debug|Any CPU
		{4FDE3435-15FC-47F5-8276-0CC7852F2E87}.Debug|x86.ActiveCfg = Debug|Any CPU
		{4FDE3435-15FC-47F5-8276-0CC7852F2E87}.Debug|x86.Build.0 = Debug|Any CPU
		{4FDE3435-15FC-47F5-8276-0CC7852F2E87}.Release|Any CPU.ActiveCfg = Release|Any CPU
		{4FDE3435-15FC-47F5-8276-0CC7852F2E87}.Release|Any CPU.Build.0 = Release|Any CPU
		{4FDE3435-15FC-47F5-8276-0CC7852F2E87}.Release|x64.ActiveCfg = Release|Any CPU
		{4FDE3435-15FC-47F5-8276-0CC7852F2E87}.Release|x64.Build.0 = Release|Any CPU
		{4FDE3435-15FC-47F5-8276-0CC7852F2E87}.Release|x86.ActiveCfg = Release|Any CPU
		{4FDE3435-15FC-47F5-8276-0CC7852F2E87}.Release|x86.Build.0 = Release|Any CPU
		{7C611BF8-E7FA-42C0-84FB-5E2F6519420F}.Debug|Any CPU.ActiveCfg = Debug|Any CPU
		{7C611BF8-E7FA-42C0-84FB-5E2F6519420F}.Debug|x64.ActiveCfg = Debug|Any CPU
		{7C611BF8-E7FA-42C0-84FB-5E2F6519420F}.Debug|x64.Build.0 = Debug|Any CPU
		{7C611BF8-E7FA-42C0-84FB-5E2F6519420F}.Debug|x86.ActiveCfg = Debug|Any CPU
		{7C611BF8-E7FA-42C0-84FB-5E2F6519420F}.Debug|x86.Build.0 = Debug|Any CPU
		{7C611BF8-E7FA-42C0-84FB-5E2F6519420F}.Release|Any CPU.ActiveCfg = Release|Any CPU
		{7C611BF8-E7FA-42C0-84FB-5E2F6519420F}.Release|Any CPU.Build.0 = Release|Any CPU
		{7C611BF8-E7FA-42C0-84FB-5E2F6519420F}.Release|x64.ActiveCfg = Release|Any CPU
		{7C611BF8-E7FA-42C0-84FB-5E2F6519420F}.Release|x64.Build.0 = Release|Any CPU
		{7C611BF8-E7FA-42C0-84FB-5E2F6519420F}.Release|x86.ActiveCfg = Release|Any CPU
		{7C611BF8-E7FA-42C0-84FB-5E2F6519420F}.Release|x86.Build.0 = Release|Any CPU
		{71C5AAAB-70B9-445F-A362-819A5387DE23}.Debug|Any CPU.ActiveCfg = Debug|Any CPU
		{71C5AAAB-70B9-445F-A362-819A5387DE23}.Debug|Any CPU.Build.0 = Debug|Any CPU
		{71C5AAAB-70B9-445F-A362-819A5387DE23}.Debug|x64.ActiveCfg = Debug|Any CPU
		{71C5AAAB-70B9-445F-A362-819A5387DE23}.Debug|x64.Build.0 = Debug|Any CPU
		{71C5AAAB-70B9-445F-A362-819A5387DE23}.Debug|x86.ActiveCfg = Debug|Any CPU
		{71C5AAAB-70B9-445F-A362-819A5387DE23}.Debug|x86.Build.0 = Debug|Any CPU
		{71C5AAAB-70B9-445F-A362-819A5387DE23}.Release|Any CPU.ActiveCfg = Release|Any CPU
		{71C5AAAB-70B9-445F-A362-819A5387DE23}.Release|Any CPU.Build.0 = Release|Any CPU
		{71C5AAAB-70B9-445F-A362-819A5387DE23}.Release|x64.ActiveCfg = Release|Any CPU
		{71C5AAAB-70B9-445F-A362-819A5387DE23}.Release|x64.Build.0 = Release|Any CPU
		{71C5AAAB-70B9-445F-A362-819A5387DE23}.Release|x86.ActiveCfg = Release|Any CPU
		{71C5AAAB-70B9-445F-A362-819A5387DE23}.Release|x86.Build.0 = Release|Any CPU
		{0F8EB719-198E-4FA8-B885-127369EA8E14}.Debug|Any CPU.ActiveCfg = Debug|Any CPU
		{0F8EB719-198E-4FA8-B885-127369EA8E14}.Debug|Any CPU.Build.0 = Debug|Any CPU
		{0F8EB719-198E-4FA8-B885-127369EA8E14}.Debug|x64.ActiveCfg = Debug|Any CPU
		{0F8EB719-198E-4FA8-B885-127369EA8E14}.Debug|x64.Build.0 = Debug|Any CPU
		{0F8EB719-198E-4FA8-B885-127369EA8E14}.Debug|x86.ActiveCfg = Debug|Any CPU
		{0F8EB719-198E-4FA8-B885-127369EA8E14}.Debug|x86.Build.0 = Debug|Any CPU
		{0F8EB719-198E-4FA8-B885-127369EA8E14}.Release|Any CPU.ActiveCfg = Release|Any CPU
		{0F8EB719-198E-4FA8-B885-127369EA8E14}.Release|Any CPU.Build.0 = Release|Any CPU
		{0F8EB719-198E-4FA8-B885-127369EA8E14}.Release|x64.ActiveCfg = Release|Any CPU
		{0F8EB719-198E-4FA8-B885-127369EA8E14}.Release|x64.Build.0 = Release|Any CPU
		{0F8EB719-198E-4FA8-B885-127369EA8E14}.Release|x86.ActiveCfg = Release|Any CPU
		{0F8EB719-198E-4FA8-B885-127369EA8E14}.Release|x86.Build.0 = Release|Any CPU
		{5CBA2BDC-9E4C-4E65-B94A-5FFE1CDF4F52}.Debug|Any CPU.ActiveCfg = Debug|Any CPU
		{5CBA2BDC-9E4C-4E65-B94A-5FFE1CDF4F52}.Debug|Any CPU.Build.0 = Debug|Any CPU
		{5CBA2BDC-9E4C-4E65-B94A-5FFE1CDF4F52}.Debug|x64.ActiveCfg = Debug|Any CPU
		{5CBA2BDC-9E4C-4E65-B94A-5FFE1CDF4F52}.Debug|x64.Build.0 = Debug|Any CPU
		{5CBA2BDC-9E4C-4E65-B94A-5FFE1CDF4F52}.Debug|x86.ActiveCfg = Debug|Any CPU
		{5CBA2BDC-9E4C-4E65-B94A-5FFE1CDF4F52}.Debug|x86.Build.0 = Debug|Any CPU
		{5CBA2BDC-9E4C-4E65-B94A-5FFE1CDF4F52}.Release|Any CPU.ActiveCfg = Release|Any CPU
		{5CBA2BDC-9E4C-4E65-B94A-5FFE1CDF4F52}.Release|Any CPU.Build.0 = Release|Any CPU
		{5CBA2BDC-9E4C-4E65-B94A-5FFE1CDF4F52}.Release|x64.ActiveCfg = Release|Any CPU
		{5CBA2BDC-9E4C-4E65-B94A-5FFE1CDF4F52}.Release|x64.Build.0 = Release|Any CPU
		{5CBA2BDC-9E4C-4E65-B94A-5FFE1CDF4F52}.Release|x86.ActiveCfg = Release|Any CPU
		{5CBA2BDC-9E4C-4E65-B94A-5FFE1CDF4F52}.Release|x86.Build.0 = Release|Any CPU
		{3875E70C-2EFE-4B29-8401-A1F2780E78EB}.Debug|Any CPU.ActiveCfg = Debug|Any CPU
		{3875E70C-2EFE-4B29-8401-A1F2780E78EB}.Debug|x64.ActiveCfg = Debug|Any CPU
		{3875E70C-2EFE-4B29-8401-A1F2780E78EB}.Debug|x64.Build.0 = Debug|Any CPU
		{3875E70C-2EFE-4B29-8401-A1F2780E78EB}.Debug|x86.ActiveCfg = Debug|Any CPU
		{3875E70C-2EFE-4B29-8401-A1F2780E78EB}.Debug|x86.Build.0 = Debug|Any CPU
		{3875E70C-2EFE-4B29-8401-A1F2780E78EB}.Release|Any CPU.ActiveCfg = Release|Any CPU
		{3875E70C-2EFE-4B29-8401-A1F2780E78EB}.Release|Any CPU.Build.0 = Release|Any CPU
		{3875E70C-2EFE-4B29-8401-A1F2780E78EB}.Release|x64.ActiveCfg = Release|Any CPU
		{3875E70C-2EFE-4B29-8401-A1F2780E78EB}.Release|x64.Build.0 = Release|Any CPU
		{3875E70C-2EFE-4B29-8401-A1F2780E78EB}.Release|x86.ActiveCfg = Release|Any CPU
		{3875E70C-2EFE-4B29-8401-A1F2780E78EB}.Release|x86.Build.0 = Release|Any CPU
		{9D8ECE7A-5213-4638-91C9-2A97FA06D943}.Debug|Any CPU.ActiveCfg = Debug|Any CPU
		{9D8ECE7A-5213-4638-91C9-2A97FA06D943}.Debug|Any CPU.Build.0 = Debug|Any CPU
		{9D8ECE7A-5213-4638-91C9-2A97FA06D943}.Debug|x64.ActiveCfg = Debug|Any CPU
		{9D8ECE7A-5213-4638-91C9-2A97FA06D943}.Debug|x64.Build.0 = Debug|Any CPU
		{9D8ECE7A-5213-4638-91C9-2A97FA06D943}.Debug|x86.ActiveCfg = Debug|Any CPU
		{9D8ECE7A-5213-4638-91C9-2A97FA06D943}.Debug|x86.Build.0 = Debug|Any CPU
		{9D8ECE7A-5213-4638-91C9-2A97FA06D943}.Release|Any CPU.ActiveCfg = Release|Any CPU
		{9D8ECE7A-5213-4638-91C9-2A97FA06D943}.Release|Any CPU.Build.0 = Release|Any CPU
		{9D8ECE7A-5213-4638-91C9-2A97FA06D943}.Release|x64.ActiveCfg = Release|Any CPU
		{9D8ECE7A-5213-4638-91C9-2A97FA06D943}.Release|x64.Build.0 = Release|Any CPU
		{9D8ECE7A-5213-4638-91C9-2A97FA06D943}.Release|x86.ActiveCfg = Release|Any CPU
		{9D8ECE7A-5213-4638-91C9-2A97FA06D943}.Release|x86.Build.0 = Release|Any CPU
		{EAEA8463-977C-4875-A40D-131131F23059}.Debug|Any CPU.ActiveCfg = Debug|Any CPU
		{EAEA8463-977C-4875-A40D-131131F23059}.Debug|Any CPU.Build.0 = Debug|Any CPU
		{EAEA8463-977C-4875-A40D-131131F23059}.Debug|x64.ActiveCfg = Debug|Any CPU
		{EAEA8463-977C-4875-A40D-131131F23059}.Debug|x64.Build.0 = Debug|Any CPU
		{EAEA8463-977C-4875-A40D-131131F23059}.Debug|x86.ActiveCfg = Debug|Any CPU
		{EAEA8463-977C-4875-A40D-131131F23059}.Debug|x86.Build.0 = Debug|Any CPU
		{EAEA8463-977C-4875-A40D-131131F23059}.Release|Any CPU.ActiveCfg = Release|Any CPU
		{EAEA8463-977C-4875-A40D-131131F23059}.Release|Any CPU.Build.0 = Release|Any CPU
		{EAEA8463-977C-4875-A40D-131131F23059}.Release|x64.ActiveCfg = Release|Any CPU
		{EAEA8463-977C-4875-A40D-131131F23059}.Release|x64.Build.0 = Release|Any CPU
		{EAEA8463-977C-4875-A40D-131131F23059}.Release|x86.ActiveCfg = Release|Any CPU
		{EAEA8463-977C-4875-A40D-131131F23059}.Release|x86.Build.0 = Release|Any CPU
		{897BAD0F-2ABC-4044-AFDF-D3C9F796633C}.Debug|Any CPU.ActiveCfg = Debug|Any CPU
		{897BAD0F-2ABC-4044-AFDF-D3C9F796633C}.Debug|Any CPU.Build.0 = Debug|Any CPU
		{897BAD0F-2ABC-4044-AFDF-D3C9F796633C}.Debug|x64.ActiveCfg = Debug|Any CPU
		{897BAD0F-2ABC-4044-AFDF-D3C9F796633C}.Debug|x64.Build.0 = Debug|Any CPU
		{897BAD0F-2ABC-4044-AFDF-D3C9F796633C}.Debug|x86.ActiveCfg = Debug|Any CPU
		{897BAD0F-2ABC-4044-AFDF-D3C9F796633C}.Debug|x86.Build.0 = Debug|Any CPU
		{897BAD0F-2ABC-4044-AFDF-D3C9F796633C}.Release|Any CPU.ActiveCfg = Release|Any CPU
		{897BAD0F-2ABC-4044-AFDF-D3C9F796633C}.Release|Any CPU.Build.0 = Release|Any CPU
		{897BAD0F-2ABC-4044-AFDF-D3C9F796633C}.Release|x64.ActiveCfg = Release|Any CPU
		{897BAD0F-2ABC-4044-AFDF-D3C9F796633C}.Release|x64.Build.0 = Release|Any CPU
		{897BAD0F-2ABC-4044-AFDF-D3C9F796633C}.Release|x86.ActiveCfg = Release|Any CPU
		{897BAD0F-2ABC-4044-AFDF-D3C9F796633C}.Release|x86.Build.0 = Release|Any CPU
		{9552CE92-0FF5-4EB9-A470-F53D33256A48}.Debug|Any CPU.ActiveCfg = Debug|Any CPU
		{9552CE92-0FF5-4EB9-A470-F53D33256A48}.Debug|x64.ActiveCfg = Debug|Any CPU
		{9552CE92-0FF5-4EB9-A470-F53D33256A48}.Debug|x64.Build.0 = Debug|Any CPU
		{9552CE92-0FF5-4EB9-A470-F53D33256A48}.Debug|x86.ActiveCfg = Debug|Any CPU
		{9552CE92-0FF5-4EB9-A470-F53D33256A48}.Debug|x86.Build.0 = Debug|Any CPU
		{9552CE92-0FF5-4EB9-A470-F53D33256A48}.Release|Any CPU.ActiveCfg = Release|Any CPU
		{9552CE92-0FF5-4EB9-A470-F53D33256A48}.Release|Any CPU.Build.0 = Release|Any CPU
		{9552CE92-0FF5-4EB9-A470-F53D33256A48}.Release|x64.ActiveCfg = Release|Any CPU
		{9552CE92-0FF5-4EB9-A470-F53D33256A48}.Release|x64.Build.0 = Release|Any CPU
		{9552CE92-0FF5-4EB9-A470-F53D33256A48}.Release|x86.ActiveCfg = Release|Any CPU
		{9552CE92-0FF5-4EB9-A470-F53D33256A48}.Release|x86.Build.0 = Release|Any CPU
		{6C80AD1B-0E92-4BA7-A7E1-1181886A198B}.Debug|Any CPU.ActiveCfg = Debug|Any CPU
		{6C80AD1B-0E92-4BA7-A7E1-1181886A198B}.Debug|Any CPU.Build.0 = Debug|Any CPU
		{6C80AD1B-0E92-4BA7-A7E1-1181886A198B}.Debug|x64.ActiveCfg = Debug|Any CPU
		{6C80AD1B-0E92-4BA7-A7E1-1181886A198B}.Debug|x64.Build.0 = Debug|Any CPU
		{6C80AD1B-0E92-4BA7-A7E1-1181886A198B}.Debug|x86.ActiveCfg = Debug|Any CPU
		{6C80AD1B-0E92-4BA7-A7E1-1181886A198B}.Debug|x86.Build.0 = Debug|Any CPU
		{6C80AD1B-0E92-4BA7-A7E1-1181886A198B}.Release|Any CPU.ActiveCfg = Release|Any CPU
		{6C80AD1B-0E92-4BA7-A7E1-1181886A198B}.Release|Any CPU.Build.0 = Release|Any CPU
		{6C80AD1B-0E92-4BA7-A7E1-1181886A198B}.Release|x64.ActiveCfg = Release|Any CPU
		{6C80AD1B-0E92-4BA7-A7E1-1181886A198B}.Release|x64.Build.0 = Release|Any CPU
		{6C80AD1B-0E92-4BA7-A7E1-1181886A198B}.Release|x86.ActiveCfg = Release|Any CPU
		{6C80AD1B-0E92-4BA7-A7E1-1181886A198B}.Release|x86.Build.0 = Release|Any CPU
		{FA91ADEB-7FE3-492F-8A76-0972D7E86162}.Debug|Any CPU.ActiveCfg = Debug|Any CPU
		{FA91ADEB-7FE3-492F-8A76-0972D7E86162}.Debug|Any CPU.Build.0 = Debug|Any CPU
		{FA91ADEB-7FE3-492F-8A76-0972D7E86162}.Debug|x64.ActiveCfg = Debug|Any CPU
		{FA91ADEB-7FE3-492F-8A76-0972D7E86162}.Debug|x64.Build.0 = Debug|Any CPU
		{FA91ADEB-7FE3-492F-8A76-0972D7E86162}.Debug|x86.ActiveCfg = Debug|Any CPU
		{FA91ADEB-7FE3-492F-8A76-0972D7E86162}.Debug|x86.Build.0 = Debug|Any CPU
		{FA91ADEB-7FE3-492F-8A76-0972D7E86162}.Release|Any CPU.ActiveCfg = Release|Any CPU
		{FA91ADEB-7FE3-492F-8A76-0972D7E86162}.Release|Any CPU.Build.0 = Release|Any CPU
		{FA91ADEB-7FE3-492F-8A76-0972D7E86162}.Release|x64.ActiveCfg = Release|Any CPU
		{FA91ADEB-7FE3-492F-8A76-0972D7E86162}.Release|x64.Build.0 = Release|Any CPU
		{FA91ADEB-7FE3-492F-8A76-0972D7E86162}.Release|x86.ActiveCfg = Release|Any CPU
		{FA91ADEB-7FE3-492F-8A76-0972D7E86162}.Release|x86.Build.0 = Release|Any CPU
		{AA21A373-BF66-4F3B-9C39-0A00FADAE110}.Debug|Any CPU.ActiveCfg = Debug|Any CPU
		{AA21A373-BF66-4F3B-9C39-0A00FADAE110}.Debug|Any CPU.Build.0 = Debug|Any CPU
		{AA21A373-BF66-4F3B-9C39-0A00FADAE110}.Debug|x64.ActiveCfg = Debug|Any CPU
		{AA21A373-BF66-4F3B-9C39-0A00FADAE110}.Debug|x64.Build.0 = Debug|Any CPU
		{AA21A373-BF66-4F3B-9C39-0A00FADAE110}.Debug|x86.ActiveCfg = Debug|Any CPU
		{AA21A373-BF66-4F3B-9C39-0A00FADAE110}.Debug|x86.Build.0 = Debug|Any CPU
		{AA21A373-BF66-4F3B-9C39-0A00FADAE110}.Release|Any CPU.ActiveCfg = Release|Any CPU
		{AA21A373-BF66-4F3B-9C39-0A00FADAE110}.Release|Any CPU.Build.0 = Release|Any CPU
		{AA21A373-BF66-4F3B-9C39-0A00FADAE110}.Release|x64.ActiveCfg = Release|Any CPU
		{AA21A373-BF66-4F3B-9C39-0A00FADAE110}.Release|x64.Build.0 = Release|Any CPU
		{AA21A373-BF66-4F3B-9C39-0A00FADAE110}.Release|x86.ActiveCfg = Release|Any CPU
		{AA21A373-BF66-4F3B-9C39-0A00FADAE110}.Release|x86.Build.0 = Release|Any CPU
		{F2DA4961-8221-4770-B5AF-5F0E32EBBD38}.Debug|Any CPU.ActiveCfg = Debug|Any CPU
		{F2DA4961-8221-4770-B5AF-5F0E32EBBD38}.Debug|x64.ActiveCfg = Debug|Any CPU
		{F2DA4961-8221-4770-B5AF-5F0E32EBBD38}.Debug|x64.Build.0 = Debug|Any CPU
		{F2DA4961-8221-4770-B5AF-5F0E32EBBD38}.Debug|x86.ActiveCfg = Debug|Any CPU
		{F2DA4961-8221-4770-B5AF-5F0E32EBBD38}.Debug|x86.Build.0 = Debug|Any CPU
		{F2DA4961-8221-4770-B5AF-5F0E32EBBD38}.Release|Any CPU.ActiveCfg = Release|Any CPU
		{F2DA4961-8221-4770-B5AF-5F0E32EBBD38}.Release|Any CPU.Build.0 = Release|Any CPU
		{F2DA4961-8221-4770-B5AF-5F0E32EBBD38}.Release|x64.ActiveCfg = Release|Any CPU
		{F2DA4961-8221-4770-B5AF-5F0E32EBBD38}.Release|x64.Build.0 = Release|Any CPU
		{F2DA4961-8221-4770-B5AF-5F0E32EBBD38}.Release|x86.ActiveCfg = Release|Any CPU
		{F2DA4961-8221-4770-B5AF-5F0E32EBBD38}.Release|x86.Build.0 = Release|Any CPU
		{F2C963E1-3D6C-469A-A8DF-D2ACB07A5A31}.Debug|Any CPU.ActiveCfg = Debug|Any CPU
		{F2C963E1-3D6C-469A-A8DF-D2ACB07A5A31}.Debug|Any CPU.Build.0 = Debug|Any CPU
		{F2C963E1-3D6C-469A-A8DF-D2ACB07A5A31}.Debug|x64.ActiveCfg = Debug|Any CPU
		{F2C963E1-3D6C-469A-A8DF-D2ACB07A5A31}.Debug|x64.Build.0 = Debug|Any CPU
		{F2C963E1-3D6C-469A-A8DF-D2ACB07A5A31}.Debug|x86.ActiveCfg = Debug|Any CPU
		{F2C963E1-3D6C-469A-A8DF-D2ACB07A5A31}.Debug|x86.Build.0 = Debug|Any CPU
		{F2C963E1-3D6C-469A-A8DF-D2ACB07A5A31}.Release|Any CPU.ActiveCfg = Release|Any CPU
		{F2C963E1-3D6C-469A-A8DF-D2ACB07A5A31}.Release|Any CPU.Build.0 = Release|Any CPU
		{F2C963E1-3D6C-469A-A8DF-D2ACB07A5A31}.Release|x64.ActiveCfg = Release|Any CPU
		{F2C963E1-3D6C-469A-A8DF-D2ACB07A5A31}.Release|x64.Build.0 = Release|Any CPU
		{F2C963E1-3D6C-469A-A8DF-D2ACB07A5A31}.Release|x86.ActiveCfg = Release|Any CPU
		{F2C963E1-3D6C-469A-A8DF-D2ACB07A5A31}.Release|x86.Build.0 = Release|Any CPU
		{5EF60351-B222-484B-9596-915ABBBAE683}.Debug|Any CPU.ActiveCfg = Debug|Any CPU
		{5EF60351-B222-484B-9596-915ABBBAE683}.Debug|Any CPU.Build.0 = Debug|Any CPU
		{5EF60351-B222-484B-9596-915ABBBAE683}.Debug|x64.ActiveCfg = Debug|Any CPU
		{5EF60351-B222-484B-9596-915ABBBAE683}.Debug|x64.Build.0 = Debug|Any CPU
		{5EF60351-B222-484B-9596-915ABBBAE683}.Debug|x86.ActiveCfg = Debug|Any CPU
		{5EF60351-B222-484B-9596-915ABBBAE683}.Debug|x86.Build.0 = Debug|Any CPU
		{5EF60351-B222-484B-9596-915ABBBAE683}.Release|Any CPU.ActiveCfg = Release|Any CPU
		{5EF60351-B222-484B-9596-915ABBBAE683}.Release|Any CPU.Build.0 = Release|Any CPU
		{5EF60351-B222-484B-9596-915ABBBAE683}.Release|x64.ActiveCfg = Release|Any CPU
		{5EF60351-B222-484B-9596-915ABBBAE683}.Release|x64.Build.0 = Release|Any CPU
		{5EF60351-B222-484B-9596-915ABBBAE683}.Release|x86.ActiveCfg = Release|Any CPU
		{5EF60351-B222-484B-9596-915ABBBAE683}.Release|x86.Build.0 = Release|Any CPU
		{B0DA29B8-C2B2-48C1-9E36-82F3F7C140E5}.Debug|Any CPU.ActiveCfg = Debug|Any CPU
		{B0DA29B8-C2B2-48C1-9E36-82F3F7C140E5}.Debug|Any CPU.Build.0 = Debug|Any CPU
		{B0DA29B8-C2B2-48C1-9E36-82F3F7C140E5}.Debug|x64.ActiveCfg = Debug|Any CPU
		{B0DA29B8-C2B2-48C1-9E36-82F3F7C140E5}.Debug|x64.Build.0 = Debug|Any CPU
		{B0DA29B8-C2B2-48C1-9E36-82F3F7C140E5}.Debug|x86.ActiveCfg = Debug|Any CPU
		{B0DA29B8-C2B2-48C1-9E36-82F3F7C140E5}.Debug|x86.Build.0 = Debug|Any CPU
		{B0DA29B8-C2B2-48C1-9E36-82F3F7C140E5}.Release|Any CPU.ActiveCfg = Release|Any CPU
		{B0DA29B8-C2B2-48C1-9E36-82F3F7C140E5}.Release|Any CPU.Build.0 = Release|Any CPU
		{B0DA29B8-C2B2-48C1-9E36-82F3F7C140E5}.Release|x64.ActiveCfg = Release|Any CPU
		{B0DA29B8-C2B2-48C1-9E36-82F3F7C140E5}.Release|x64.Build.0 = Release|Any CPU
		{B0DA29B8-C2B2-48C1-9E36-82F3F7C140E5}.Release|x86.ActiveCfg = Release|Any CPU
		{B0DA29B8-C2B2-48C1-9E36-82F3F7C140E5}.Release|x86.Build.0 = Release|Any CPU
		{8BCC34C2-CB57-448C-9D88-BB5C4FBD199F}.Debug|Any CPU.ActiveCfg = Debug|Any CPU
		{8BCC34C2-CB57-448C-9D88-BB5C4FBD199F}.Debug|x64.ActiveCfg = Debug|Any CPU
		{8BCC34C2-CB57-448C-9D88-BB5C4FBD199F}.Debug|x64.Build.0 = Debug|Any CPU
		{8BCC34C2-CB57-448C-9D88-BB5C4FBD199F}.Debug|x86.ActiveCfg = Debug|Any CPU
		{8BCC34C2-CB57-448C-9D88-BB5C4FBD199F}.Debug|x86.Build.0 = Debug|Any CPU
		{8BCC34C2-CB57-448C-9D88-BB5C4FBD199F}.Release|Any CPU.ActiveCfg = Release|Any CPU
		{8BCC34C2-CB57-448C-9D88-BB5C4FBD199F}.Release|Any CPU.Build.0 = Release|Any CPU
		{8BCC34C2-CB57-448C-9D88-BB5C4FBD199F}.Release|x64.ActiveCfg = Release|Any CPU
		{8BCC34C2-CB57-448C-9D88-BB5C4FBD199F}.Release|x64.Build.0 = Release|Any CPU
		{8BCC34C2-CB57-448C-9D88-BB5C4FBD199F}.Release|x86.ActiveCfg = Release|Any CPU
		{8BCC34C2-CB57-448C-9D88-BB5C4FBD199F}.Release|x86.Build.0 = Release|Any CPU
		{11E6B805-FDD0-4A40-8FF4-9354D1FCC836}.Debug|Any CPU.ActiveCfg = Debug|Any CPU
		{11E6B805-FDD0-4A40-8FF4-9354D1FCC836}.Debug|Any CPU.Build.0 = Debug|Any CPU
		{11E6B805-FDD0-4A40-8FF4-9354D1FCC836}.Debug|x64.ActiveCfg = Debug|Any CPU
		{11E6B805-FDD0-4A40-8FF4-9354D1FCC836}.Debug|x64.Build.0 = Debug|Any CPU
		{11E6B805-FDD0-4A40-8FF4-9354D1FCC836}.Debug|x86.ActiveCfg = Debug|Any CPU
		{11E6B805-FDD0-4A40-8FF4-9354D1FCC836}.Debug|x86.Build.0 = Debug|Any CPU
		{11E6B805-FDD0-4A40-8FF4-9354D1FCC836}.Release|Any CPU.ActiveCfg = Release|Any CPU
		{11E6B805-FDD0-4A40-8FF4-9354D1FCC836}.Release|Any CPU.Build.0 = Release|Any CPU
		{11E6B805-FDD0-4A40-8FF4-9354D1FCC836}.Release|x64.ActiveCfg = Release|Any CPU
		{11E6B805-FDD0-4A40-8FF4-9354D1FCC836}.Release|x64.Build.0 = Release|Any CPU
		{11E6B805-FDD0-4A40-8FF4-9354D1FCC836}.Release|x86.ActiveCfg = Release|Any CPU
		{11E6B805-FDD0-4A40-8FF4-9354D1FCC836}.Release|x86.Build.0 = Release|Any CPU
		{A84E6CDA-5149-4E3E-A779-8211D33512B6}.Debug|Any CPU.ActiveCfg = Debug|Any CPU
		{A84E6CDA-5149-4E3E-A779-8211D33512B6}.Debug|Any CPU.Build.0 = Debug|Any CPU
		{A84E6CDA-5149-4E3E-A779-8211D33512B6}.Debug|x64.ActiveCfg = Debug|Any CPU
		{A84E6CDA-5149-4E3E-A779-8211D33512B6}.Debug|x64.Build.0 = Debug|Any CPU
		{A84E6CDA-5149-4E3E-A779-8211D33512B6}.Debug|x86.ActiveCfg = Debug|Any CPU
		{A84E6CDA-5149-4E3E-A779-8211D33512B6}.Debug|x86.Build.0 = Debug|Any CPU
		{A84E6CDA-5149-4E3E-A779-8211D33512B6}.Release|Any CPU.ActiveCfg = Release|Any CPU
		{A84E6CDA-5149-4E3E-A779-8211D33512B6}.Release|Any CPU.Build.0 = Release|Any CPU
		{A84E6CDA-5149-4E3E-A779-8211D33512B6}.Release|x64.ActiveCfg = Release|Any CPU
		{A84E6CDA-5149-4E3E-A779-8211D33512B6}.Release|x64.Build.0 = Release|Any CPU
		{A84E6CDA-5149-4E3E-A779-8211D33512B6}.Release|x86.ActiveCfg = Release|Any CPU
		{A84E6CDA-5149-4E3E-A779-8211D33512B6}.Release|x86.Build.0 = Release|Any CPU
		{85225775-7629-4681-9199-5DCF01D8C16C}.Debug|Any CPU.ActiveCfg = Debug|Any CPU
		{85225775-7629-4681-9199-5DCF01D8C16C}.Debug|Any CPU.Build.0 = Debug|Any CPU
		{85225775-7629-4681-9199-5DCF01D8C16C}.Debug|x64.ActiveCfg = Debug|Any CPU
		{85225775-7629-4681-9199-5DCF01D8C16C}.Debug|x64.Build.0 = Debug|Any CPU
		{85225775-7629-4681-9199-5DCF01D8C16C}.Debug|x86.ActiveCfg = Debug|Any CPU
		{85225775-7629-4681-9199-5DCF01D8C16C}.Debug|x86.Build.0 = Debug|Any CPU
		{85225775-7629-4681-9199-5DCF01D8C16C}.Release|Any CPU.ActiveCfg = Release|Any CPU
		{85225775-7629-4681-9199-5DCF01D8C16C}.Release|Any CPU.Build.0 = Release|Any CPU
		{85225775-7629-4681-9199-5DCF01D8C16C}.Release|x64.ActiveCfg = Release|Any CPU
		{85225775-7629-4681-9199-5DCF01D8C16C}.Release|x64.Build.0 = Release|Any CPU
		{85225775-7629-4681-9199-5DCF01D8C16C}.Release|x86.ActiveCfg = Release|Any CPU
		{85225775-7629-4681-9199-5DCF01D8C16C}.Release|x86.Build.0 = Release|Any CPU
		{6A8C40CC-C92B-4E31-93BB-BB7734438537}.Debug|Any CPU.ActiveCfg = Debug|Any CPU
		{6A8C40CC-C92B-4E31-93BB-BB7734438537}.Debug|x64.ActiveCfg = Debug|Any CPU
		{6A8C40CC-C92B-4E31-93BB-BB7734438537}.Debug|x64.Build.0 = Debug|Any CPU
		{6A8C40CC-C92B-4E31-93BB-BB7734438537}.Debug|x86.ActiveCfg = Debug|Any CPU
		{6A8C40CC-C92B-4E31-93BB-BB7734438537}.Debug|x86.Build.0 = Debug|Any CPU
		{6A8C40CC-C92B-4E31-93BB-BB7734438537}.Release|Any CPU.ActiveCfg = Release|Any CPU
		{6A8C40CC-C92B-4E31-93BB-BB7734438537}.Release|Any CPU.Build.0 = Release|Any CPU
		{6A8C40CC-C92B-4E31-93BB-BB7734438537}.Release|x64.ActiveCfg = Release|Any CPU
		{6A8C40CC-C92B-4E31-93BB-BB7734438537}.Release|x64.Build.0 = Release|Any CPU
		{6A8C40CC-C92B-4E31-93BB-BB7734438537}.Release|x86.ActiveCfg = Release|Any CPU
		{6A8C40CC-C92B-4E31-93BB-BB7734438537}.Release|x86.Build.0 = Release|Any CPU
		{1D9F651D-6E18-4119-BB4E-5ABF14E21B29}.Debug|Any CPU.ActiveCfg = Debug|Any CPU
		{1D9F651D-6E18-4119-BB4E-5ABF14E21B29}.Debug|x64.ActiveCfg = Debug|Any CPU
		{1D9F651D-6E18-4119-BB4E-5ABF14E21B29}.Debug|x64.Build.0 = Debug|Any CPU
		{1D9F651D-6E18-4119-BB4E-5ABF14E21B29}.Debug|x86.ActiveCfg = Debug|Any CPU
		{1D9F651D-6E18-4119-BB4E-5ABF14E21B29}.Debug|x86.Build.0 = Debug|Any CPU
		{1D9F651D-6E18-4119-BB4E-5ABF14E21B29}.Release|Any CPU.ActiveCfg = Release|Any CPU
		{1D9F651D-6E18-4119-BB4E-5ABF14E21B29}.Release|Any CPU.Build.0 = Release|Any CPU
		{1D9F651D-6E18-4119-BB4E-5ABF14E21B29}.Release|x64.ActiveCfg = Release|Any CPU
		{1D9F651D-6E18-4119-BB4E-5ABF14E21B29}.Release|x64.Build.0 = Release|Any CPU
		{1D9F651D-6E18-4119-BB4E-5ABF14E21B29}.Release|x86.ActiveCfg = Release|Any CPU
		{1D9F651D-6E18-4119-BB4E-5ABF14E21B29}.Release|x86.Build.0 = Release|Any CPU
		{C865917B-D060-4D3E-8F17-8CD5E20914D5}.Debug|Any CPU.ActiveCfg = Debug|Any CPU
		{C865917B-D060-4D3E-8F17-8CD5E20914D5}.Debug|x64.ActiveCfg = Debug|Any CPU
		{C865917B-D060-4D3E-8F17-8CD5E20914D5}.Debug|x64.Build.0 = Debug|Any CPU
		{C865917B-D060-4D3E-8F17-8CD5E20914D5}.Debug|x86.ActiveCfg = Debug|Any CPU
		{C865917B-D060-4D3E-8F17-8CD5E20914D5}.Debug|x86.Build.0 = Debug|Any CPU
		{C865917B-D060-4D3E-8F17-8CD5E20914D5}.Release|Any CPU.ActiveCfg = Release|Any CPU
		{C865917B-D060-4D3E-8F17-8CD5E20914D5}.Release|Any CPU.Build.0 = Release|Any CPU
		{C865917B-D060-4D3E-8F17-8CD5E20914D5}.Release|x64.ActiveCfg = Release|Any CPU
		{C865917B-D060-4D3E-8F17-8CD5E20914D5}.Release|x64.Build.0 = Release|Any CPU
		{C865917B-D060-4D3E-8F17-8CD5E20914D5}.Release|x86.ActiveCfg = Release|Any CPU
		{C865917B-D060-4D3E-8F17-8CD5E20914D5}.Release|x86.Build.0 = Release|Any CPU
		{7FBD9E4C-D124-4D99-AF56-5523987B2933}.Debug|Any CPU.ActiveCfg = Debug|Any CPU
		{7FBD9E4C-D124-4D99-AF56-5523987B2933}.Debug|Any CPU.Build.0 = Debug|Any CPU
		{7FBD9E4C-D124-4D99-AF56-5523987B2933}.Debug|x64.ActiveCfg = Debug|Any CPU
		{7FBD9E4C-D124-4D99-AF56-5523987B2933}.Debug|x64.Build.0 = Debug|Any CPU
		{7FBD9E4C-D124-4D99-AF56-5523987B2933}.Debug|x86.ActiveCfg = Debug|Any CPU
		{7FBD9E4C-D124-4D99-AF56-5523987B2933}.Debug|x86.Build.0 = Debug|Any CPU
		{7FBD9E4C-D124-4D99-AF56-5523987B2933}.Release|Any CPU.ActiveCfg = Release|Any CPU
		{7FBD9E4C-D124-4D99-AF56-5523987B2933}.Release|Any CPU.Build.0 = Release|Any CPU
		{7FBD9E4C-D124-4D99-AF56-5523987B2933}.Release|x64.ActiveCfg = Release|Any CPU
		{7FBD9E4C-D124-4D99-AF56-5523987B2933}.Release|x64.Build.0 = Release|Any CPU
		{7FBD9E4C-D124-4D99-AF56-5523987B2933}.Release|x86.ActiveCfg = Release|Any CPU
		{7FBD9E4C-D124-4D99-AF56-5523987B2933}.Release|x86.Build.0 = Release|Any CPU
	EndGlobalSection
	GlobalSection(SolutionProperties) = preSolution
		HideSolutionNode = FALSE
	EndGlobalSection
	GlobalSection(NestedProjects) = preSolution
		{647112D8-4949-4D1D-A493-C938F5779643} = {A73F2606-6D4C-3EEE-1759-0E59DCFEF523}
		{8F3FEA0D-6D6E-4666-9B54-3F46DC24C0A6} = {A73F2606-6D4C-3EEE-1759-0E59DCFEF523}
		{12C92E55-7952-49CC-9EF8-65FA5CF5B237} = {A73F2606-6D4C-3EEE-1759-0E59DCFEF523}
		{5D4A8A17-B1B9-4B0D-A825-E84FB8BCDC28} = {E54149B9-7F22-367F-9CC5-FD829E3AA07B}
		{A5E1866D-80E3-4AA2-BFD9-DDA464E73AF3} = {E54149B9-7F22-367F-9CC5-FD829E3AA07B}
		{60EDF410-425C-4D74-8FEE-EF75139A1DD4} = {E54149B9-7F22-367F-9CC5-FD829E3AA07B}
		{67E30FF0-67A4-4B84-AD0E-E10741665F2A} = {E54149B9-7F22-367F-9CC5-FD829E3AA07B}
		{944ACC7E-4FFC-A2A2-09E1-98A62C66F8DB} = {5854FF58-B8C5-05C6-5BF2-ACE42193F22B}
		{796F4C6F-5BD4-4BB3-B88F-DB19E488A275} = {944ACC7E-4FFC-A2A2-09E1-98A62C66F8DB}
		{3B21156E-CD62-46AD-8FE0-3EEBA610A507} = {944ACC7E-4FFC-A2A2-09E1-98A62C66F8DB}
		{3319F923-3E87-47E9-8410-07213AB9909D} = {944ACC7E-4FFC-A2A2-09E1-98A62C66F8DB}
		{0BBB2EB4-AE5C-4896-8F68-46E920B4F479} = {944ACC7E-4FFC-A2A2-09E1-98A62C66F8DB}
		{E968773F-A3F0-8B5A-CFB8-BE121AA8E63F} = {5854FF58-B8C5-05C6-5BF2-ACE42193F22B}
		{2884CAD4-4AE0-432A-A1DB-7C498DA98D55} = {E968773F-A3F0-8B5A-CFB8-BE121AA8E63F}
		{77B404C5-90A6-46B2-8219-D4503C416931} = {E968773F-A3F0-8B5A-CFB8-BE121AA8E63F}
		{4FDE3435-15FC-47F5-8276-0CC7852F2E87} = {E968773F-A3F0-8B5A-CFB8-BE121AA8E63F}
		{7C611BF8-E7FA-42C0-84FB-5E2F6519420F} = {E968773F-A3F0-8B5A-CFB8-BE121AA8E63F}
		{F90C4F13-A081-F5E7-D399-B975E24935A1} = {5854FF58-B8C5-05C6-5BF2-ACE42193F22B}
		{71C5AAAB-70B9-445F-A362-819A5387DE23} = {F90C4F13-A081-F5E7-D399-B975E24935A1}
		{0F8EB719-198E-4FA8-B885-127369EA8E14} = {F90C4F13-A081-F5E7-D399-B975E24935A1}
		{5CBA2BDC-9E4C-4E65-B94A-5FFE1CDF4F52} = {F90C4F13-A081-F5E7-D399-B975E24935A1}
		{3875E70C-2EFE-4B29-8401-A1F2780E78EB} = {F90C4F13-A081-F5E7-D399-B975E24935A1}
		{1C00F9DA-F33C-8627-D347-15FF6E4360B7} = {5854FF58-B8C5-05C6-5BF2-ACE42193F22B}
		{9D8ECE7A-5213-4638-91C9-2A97FA06D943} = {1C00F9DA-F33C-8627-D347-15FF6E4360B7}
		{EAEA8463-977C-4875-A40D-131131F23059} = {1C00F9DA-F33C-8627-D347-15FF6E4360B7}
		{897BAD0F-2ABC-4044-AFDF-D3C9F796633C} = {1C00F9DA-F33C-8627-D347-15FF6E4360B7}
		{9552CE92-0FF5-4EB9-A470-F53D33256A48} = {1C00F9DA-F33C-8627-D347-15FF6E4360B7}
		{D8AFF377-A933-C61A-6A84-6680BF48FD58} = {5854FF58-B8C5-05C6-5BF2-ACE42193F22B}
		{6C80AD1B-0E92-4BA7-A7E1-1181886A198B} = {D8AFF377-A933-C61A-6A84-6680BF48FD58}
		{FA91ADEB-7FE3-492F-8A76-0972D7E86162} = {D8AFF377-A933-C61A-6A84-6680BF48FD58}
		{AA21A373-BF66-4F3B-9C39-0A00FADAE110} = {D8AFF377-A933-C61A-6A84-6680BF48FD58}
		{F2DA4961-8221-4770-B5AF-5F0E32EBBD38} = {D8AFF377-A933-C61A-6A84-6680BF48FD58}
		{D7EB2FDD-718E-90C9-A432-34257B0A40FA} = {5854FF58-B8C5-05C6-5BF2-ACE42193F22B}
		{F2C963E1-3D6C-469A-A8DF-D2ACB07A5A31} = {D7EB2FDD-718E-90C9-A432-34257B0A40FA}
		{5EF60351-B222-484B-9596-915ABBBAE683} = {D7EB2FDD-718E-90C9-A432-34257B0A40FA}
		{B0DA29B8-C2B2-48C1-9E36-82F3F7C140E5} = {D7EB2FDD-718E-90C9-A432-34257B0A40FA}
		{8BCC34C2-CB57-448C-9D88-BB5C4FBD199F} = {D7EB2FDD-718E-90C9-A432-34257B0A40FA}
		{B69894D6-7DED-05EA-F04B-C08EDF8265D6} = {5854FF58-B8C5-05C6-5BF2-ACE42193F22B}
		{11E6B805-FDD0-4A40-8FF4-9354D1FCC836} = {B69894D6-7DED-05EA-F04B-C08EDF8265D6}
		{A84E6CDA-5149-4E3E-A779-8211D33512B6} = {B69894D6-7DED-05EA-F04B-C08EDF8265D6}
		{85225775-7629-4681-9199-5DCF01D8C16C} = {B69894D6-7DED-05EA-F04B-C08EDF8265D6}
		{6A8C40CC-C92B-4E31-93BB-BB7734438537} = {B69894D6-7DED-05EA-F04B-C08EDF8265D6}
		{96888889-FC81-1FD9-7DA3-65FF32B7E052} = {5854FF58-B8C5-05C6-5BF2-ACE42193F22B}
		{1D9F651D-6E18-4119-BB4E-5ABF14E21B29} = {96888889-FC81-1FD9-7DA3-65FF32B7E052}
		{C865917B-D060-4D3E-8F17-8CD5E20914D5} = {0AB3BF05-4346-4AA6-1389-037BE0695223}
		{7FBD9E4C-D124-4D99-AF56-5523987B2933} = {E968773F-A3F0-8B5A-CFB8-BE121AA8E63F}
	EndGlobalSection
	GlobalSection(ExtensibilityGlobals) = postSolution
		SolutionGuid = {35510695-DE91-4456-AECF-0BC1309C07F1}
	EndGlobalSection
EndGlobal
